
Microsoft Visual Studio Solution File, Format Version 12.00
# Visual Studio 15
VisualStudioVersion = 15.0.26430.6
MinimumVisualStudioVersion = 10.0.40219.1
Project("{8BC9CEB8-8B4A-11D0-8D11-00A0C91BC942}") = "TestingTool", "TestingTool\TestingTool.vcxproj", "{2B7AA103-06B9-4A4C-B97C-747D19CE71A9}"
EndProject
Project("{8BC9CEB8-8B4A-11D0-8D11-00A0C91BC942}") = "BAMEngine", "BAMEngine\BAMEngine.vcxproj", "{0986E2E6-C949-4496-8D00-DC01AE7A61CD}"
EndProject
Global
	GlobalSection(SolutionConfigurationPlatforms) = preSolution
		Debug|x64 = Debug|x64
		Debug|x86 = Debug|x86
		Release|x64 = Release|x64
		Release|x86 = Release|x86
	EndGlobalSection
	GlobalSection(ProjectConfigurationPlatforms) = postSolution
		{2B7AA103-06B9-4A4C-B97C-747D19CE71A9}.Debug|x64.ActiveCfg = Debug|x64
		{2B7AA103-06B9-4A4C-B97C-747D19CE71A9}.Debug|x64.Build.0 = Debug|x64
		{2B7AA103-06B9-4A4C-B97C-747D19CE71A9}.Debug|x86.ActiveCfg = Debug|Win32
		{2B7AA103-06B9-4A4C-B97C-747D19CE71A9}.Debug|x86.Build.0 = Debug|Win32
		{2B7AA103-06B9-4A4C-B97C-747D19CE71A9}.Release|x64.ActiveCfg = Release|x64
		{2B7AA103-06B9-4A4C-B97C-747D19CE71A9}.Release|x64.Build.0 = Release|x64
		{2B7AA103-06B9-4A4C-B97C-747D19CE71A9}.Release|x86.ActiveCfg = Release|Win32
		{2B7AA103-06B9-4A4C-B97C-747D19CE71A9}.Release|x86.Build.0 = Release|Win32
		{0986E2E6-C949-4496-8D00-DC01AE7A61CD}.Debug|x64.ActiveCfg = Debug|x64
		{0986E2E6-C949-4496-8D00-DC01AE7A61CD}.Debug|x64.Build.0 = Debug|x64
		{0986E2E6-C949-4496-8D00-DC01AE7A61CD}.Debug|x86.ActiveCfg = Debug|Win32
		{0986E2E6-C949-4496-8D00-DC01AE7A61CD}.Debug|x86.Build.0 = Debug|Win32
		{0986E2E6-C949-4496-8D00-DC01AE7A61CD}.Release|x64.ActiveCfg = Release|x64
		{0986E2E6-C949-4496-8D00-DC01AE7A61CD}.Release|x64.Build.0 = Release|x64
		{0986E2E6-C949-4496-8D00-DC01AE7A61CD}.Release|x86.ActiveCfg = Release|Win32
		{0986E2E6-C949-4496-8D00-DC01AE7A61CD}.Release|x86.Build.0 = Release|Win32
	EndGlobalSection
	GlobalSection(SolutionProperties) = preSolution
		HideSolutionNode = FALSE
	EndGlobalSection
EndGlobal
