<?xml version="1.0" encoding="utf-8"?>
<Project ToolsVersion="4.0" xmlns="http://schemas.microsoft.com/developer/msbuild/2003">
  <ItemGroup>
    <Filter Include="Resource Files">
      <UniqueIdentifier>{67DA6AB6-F800-4c08-8B7A-83BB121AAD01}</UniqueIdentifier>
      <Extensions>rc;ico;cur;bmp;dlg;rc2;rct;bin;rgs;gif;jpg;jpeg;jpe;resx;tiff;tif;png;wav;mfcribbon-ms</Extensions>
    </Filter>
    <Filter Include="Src">
      <UniqueIdentifier>{5b30dcaf-8337-4d4d-844f-007e2f5d68d9}</UniqueIdentifier>
    </Filter>
  </ItemGroup>
  <ItemGroup>
    <ClInclude Include="stdafx.h">
      <Filter>Src</Filter>
    </ClInclude>
    <ClInclude Include="targetver.h">
      <Filter>Src</Filter>
    </ClInclude>
    <ClInclude Include="ImportModule.h">
      <Filter>Src</Filter>
    </ClInclude>
    <ClInclude Include="AssImp_Loader.h">
      <Filter>Src</Filter>
    </ClInclude>
    <ClInclude Include="Image_Loader.h">
      <Filter>Src</Filter>
    </ClInclude>
  </ItemGroup>
  <ItemGroup>
    <ClCompile Include="stdafx.cpp">
      <Filter>Src</Filter>
    </ClCompile>
    <ClCompile Include="ImportModule.cpp">
      <Filter>Src</Filter>
    </ClCompile>
    <ClCompile Include="dllmain.cpp">
      <Filter>Src</Filter>
    </ClCompile>
    <ClCompile Include="AssImp_Loader.cpp">
      <Filter>Src</Filter>
    </ClCompile>
    <ClCompile Include="bmp.cpp">
      <Filter>Src</Filter>
    </ClCompile>
    <ClCompile Include="jpeg.cpp">
      <Filter>Src</Filter>
    </ClCompile>
    <ClCompile Include="png.cpp">
      <Filter>Src</Filter>
    </ClCompile>
    <ClCompile Include="tga.cpp">
      <Filter>Src</Filter>
    </ClCompile>
    <ClCompile Include="Image_Loader.cpp">
      <Filter>Src</Filter>
    </ClCompile>
  </ItemGroup>
  <ItemGroup>
    <None Include="packages.config" />
  </ItemGroup>
</Project>