<?xml version="1.0" encoding="utf-8"?>
<Project ToolsVersion="4.0" xmlns="http://schemas.microsoft.com/developer/msbuild/2003">
  <ItemGroup>
    <Filter Include="Source Files">
      <UniqueIdentifier>{4FC737F1-C7A5-4376-A066-2A32D752A2FF}</UniqueIdentifier>
      <Extensions>cpp;c;cc;cxx;def;odl;idl;hpj;bat;asm;asmx</Extensions>
    </Filter>
    <Filter Include="Resource Files">
      <UniqueIdentifier>{67DA6AB6-F800-4c08-8B7A-83BB121AAD01}</UniqueIdentifier>
      <Extensions>rc;ico;cur;bmp;dlg;rc2;rct;bin;rgs;gif;jpg;jpeg;jpe;resx;tiff;tif;png;wav;mfcribbon-ms</Extensions>
    </Filter>
    <Filter Include="Core">
      <UniqueIdentifier>{e1e418ee-a8b7-4a24-8508-a81b32fa7815}</UniqueIdentifier>
    </Filter>
    <Filter Include="DllInterface">
      <UniqueIdentifier>{00b217d3-9ca4-4fd5-b7dd-17357f9f7547}</UniqueIdentifier>
    </Filter>
  </ItemGroup>
  <ItemGroup>
    <Text Include="ReadMe.txt" />
  </ItemGroup>
  <ItemGroup>
    <ClInclude Include="..\Src\BAMEngine.h">
      <Filter>Source Files</Filter>
    </ClInclude>
    <ClInclude Include="..\Src\Core\Core.h">
      <Filter>Core</Filter>
    </ClInclude>
    <ClInclude Include="..\Src\BAMEngineInternal.h">
      <Filter>Source Files</Filter>
    </ClInclude>
    <ClInclude Include="..\Src\Core\MemoryAllocator.h">
      <Filter>Core</Filter>
    </ClInclude>
    <ClInclude Include="..\Src\Core\Tools.h">
      <Filter>Core</Filter>
    </ClInclude>
    <ClInclude Include="..\Src\Core\ResourceManager.h">
      <Filter>Core</Filter>
    </ClInclude>
    <ClInclude Include="stdafx.h">
      <Filter>Source Files</Filter>
    </ClInclude>
    <ClInclude Include="targetver.h">
      <Filter>Source Files</Filter>
    </ClInclude>
    <ClInclude Include="..\Src\Core\CoreTypes.h">
      <Filter>Core</Filter>
    </ClInclude>
    <ClInclude Include="..\Src\BAMEngineImport.h">
      <Filter>Source Files</Filter>
    </ClInclude>
    <ClInclude Include="..\Src\Core\BasicTypes.h">
      <Filter>Core</Filter>
    </ClInclude>
    <ClInclude Include="..\Src\DllInterface\DllInterface.h">
      <Filter>DllInterface</Filter>
    </ClInclude>
    <ClInclude Include="..\Src\DllInterface\IResourceManager.h">
      <Filter>DllInterface</Filter>
    </ClInclude>
    <ClInclude Include="..\Src\Core\RawData.h">
      <Filter>Core</Filter>
    </ClInclude>
  </ItemGroup>
  <ItemGroup>
    <ClCompile Include="stdafx.cpp">
      <Filter>Source Files</Filter>
    </ClCompile>
    <ClCompile Include="dllmain.cpp">
      <Filter>Source Files</Filter>
    </ClCompile>
    <ClCompile Include="..\Src\BAMEngine.cpp">
      <Filter>Source Files</Filter>
    </ClCompile>
    <ClCompile Include="..\Src\Core\Tools.cpp">
      <Filter>Core</Filter>
    </ClCompile>
    <ClCompile Include="..\Src\Core\ResourceManager.cpp">
      <Filter>Core</Filter>
    </ClCompile>
    <ClCompile Include="..\Src\DllInterface\IResourceManager.cpp">
      <Filter>DllInterface</Filter>
    </ClCompile>
    <ClCompile Include="..\Src\Core\MemoryAllocator.cpp">
      <Filter>Core</Filter>
    </ClCompile>
    <ClCompile Include="..\Src\Core\CoreTypes.cpp">
      <Filter>Core</Filter>
    </ClCompile>
  </ItemGroup>
</Project>