<?xml version="1.0" encoding="utf-8"?>
<Project ToolsVersion="4.0" xmlns="http://schemas.microsoft.com/developer/msbuild/2003">
  <ItemGroup>
    <Filter Include="Source Files">
      <UniqueIdentifier>{4FC737F1-C7A5-4376-A066-2A32D752A2FF}</UniqueIdentifier>
      <Extensions>cpp;c;cc;cxx;def;odl;idl;hpj;bat;asm;asmx</Extensions>
    </Filter>
    <Filter Include="Resource Files">
      <UniqueIdentifier>{67DA6AB6-F800-4c08-8B7A-83BB121AAD01}</UniqueIdentifier>
      <Extensions>rc;ico;cur;bmp;dlg;rc2;rct;bin;rgs;gif;jpg;jpeg;jpe;resx;tiff;tif;png;wav;mfcribbon-ms</Extensions>
    </Filter>
    <Filter Include="Core">
      <UniqueIdentifier>{e1e418ee-a8b7-4a24-8508-a81b32fa7815}</UniqueIdentifier>
    </Filter>
    <Filter Include="DllInterface">
      <UniqueIdentifier>{00b217d3-9ca4-4fd5-b7dd-17357f9f7547}</UniqueIdentifier>
    </Filter>
    <Filter Include="3rdParty">
      <UniqueIdentifier>{cc465bd2-3b50-493d-9f67-5571f30ce1d2}</UniqueIdentifier>
    </Filter>
    <Filter Include="3rdParty\TinyXML2">
      <UniqueIdentifier>{ef3d5c09-2237-4d4e-bbe6-2e53bf21e077}</UniqueIdentifier>
    </Filter>
    <Filter Include="RenderingEngine">
      <UniqueIdentifier>{e7041efe-79b5-48c8-88e4-475b721f1c72}</UniqueIdentifier>
    </Filter>
    <Filter Include="ResourceManager">
      <UniqueIdentifier>{1f31e7c3-b1fa-48c8-aef9-86613d3dfd50}</UniqueIdentifier>
    </Filter>
  </ItemGroup>
  <ItemGroup>
    <Text Include="ReadMe.txt" />
  </ItemGroup>
  <ItemGroup>
    <ClInclude Include="..\Src\BAMEngine.h">
      <Filter>Source Files</Filter>
    </ClInclude>
    <ClInclude Include="..\Src\BAMEngineInternal.h">
      <Filter>Source Files</Filter>
    </ClInclude>
    <ClInclude Include="stdafx.h">
      <Filter>Source Files</Filter>
    </ClInclude>
    <ClInclude Include="targetver.h">
      <Filter>Source Files</Filter>
    </ClInclude>
    <ClInclude Include="..\Src\BAMEngineImport.h">
      <Filter>Source Files</Filter>
    </ClInclude>
    <ClInclude Include="..\Src\DllInterface.h">
      <Filter>DllInterface</Filter>
    </ClInclude>
    <ClInclude Include="..\Src\DllInterface_IResourceManager.h">
      <Filter>DllInterface</Filter>
    </ClInclude>
    <ClInclude Include="..\Src\Core.h">
      <Filter>Core</Filter>
    </ClInclude>
    <ClInclude Include="..\Src\Core_Array.h">
      <Filter>Core</Filter>
    </ClInclude>
    <ClInclude Include="..\Src\Core_BasicTypes.h">
      <Filter>Core</Filter>
    </ClInclude>
    <ClInclude Include="..\Src\Core_DirectoryChangeNotifier.h">
      <Filter>Core</Filter>
    </ClInclude>
    <ClInclude Include="..\Src\Core_Hash.h">
      <Filter>Core</Filter>
    </ClInclude>
    <ClInclude Include="..\Src\Core_Hashtable.h">
      <Filter>Core</Filter>
    </ClInclude>
    <ClInclude Include="..\Src\Core_Helpers.h">
      <Filter>Core</Filter>
    </ClInclude>
    <ClInclude Include="..\Src\Core_List.h">
      <Filter>Core</Filter>
    </ClInclude>
    <ClInclude Include="..\Src\Core_MemoryAllocator.h">
      <Filter>Core</Filter>
    </ClInclude>
    <ClInclude Include="..\Src\Core_Message.h">
      <Filter>Core</Filter>
    </ClInclude>
    <ClInclude Include="..\Src\Core_Module.h">
      <Filter>Core</Filter>
    </ClInclude>
    <ClInclude Include="..\Src\Core_Queue.h">
      <Filter>Core</Filter>
    </ClInclude>
    <ClInclude Include="..\Src\Core_Strings.h">
      <Filter>Core</Filter>
    </ClInclude>
    <ClInclude Include="..\Src\Core_Tools.h">
      <Filter>Core</Filter>
    </ClInclude>
    <ClInclude Include="..\Src\Core_Types.h">
      <Filter>Core</Filter>
    </ClInclude>
    <ClInclude Include="..\Src\Core_Engine.h">
      <Filter>Core</Filter>
    </ClInclude>
    <ClInclude Include="..\3rdParty\tinyxml2\tinyxml2.h">
      <Filter>3rdParty\TinyXML2</Filter>
    </ClInclude>
    <ClInclude Include="..\Src\RenderingEngine_Config.h">
      <Filter>RenderingEngine</Filter>
    </ClInclude>
    <ClInclude Include="..\Src\RenderingEngine.h">
      <Filter>RenderingEngine</Filter>
    </ClInclude>
    <ClInclude Include="..\Src\RenderingEngine_DllInterface.h">
      <Filter>DllInterface</Filter>
    </ClInclude>
    <ClInclude Include="..\Src\RenderingEngine_VertexData.h">
      <Filter>RenderingEngine</Filter>
    </ClInclude>
    <ClInclude Include="..\Src\RenderingEngine_VertexDescription.h">
      <Filter>RenderingEngine</Filter>
    </ClInclude>
    <ClInclude Include="..\Src\RawData.h">
      <Filter>ResourceManager</Filter>
    </ClInclude>
    <ClInclude Include="..\Src\ResourceManager.h">
      <Filter>ResourceManager</Filter>
    </ClInclude>
  </ItemGroup>
  <ItemGroup>
    <ClCompile Include="stdafx.cpp">
      <Filter>Source Files</Filter>
    </ClCompile>
    <ClCompile Include="dllmain.cpp">
      <Filter>Source Files</Filter>
    </ClCompile>
    <ClCompile Include="..\Src\BAMEngine.cpp">
      <Filter>Source Files</Filter>
    </ClCompile>
    <ClCompile Include="..\Src\DllInterface_IResourceManager.cpp">
      <Filter>DllInterface</Filter>
    </ClCompile>
    <ClCompile Include="..\Src\Core_DirectoryChangeNotifier.cpp">
      <Filter>Core</Filter>
    </ClCompile>
    <ClCompile Include="..\Src\Core_MemoryAllocator.cpp">
      <Filter>Core</Filter>
    </ClCompile>
    <ClCompile Include="..\Src\Core_Tools.cpp">
      <Filter>Core</Filter>
    </ClCompile>
    <ClCompile Include="..\Src\Core_Types.cpp">
      <Filter>Core</Filter>
    </ClCompile>
    <ClCompile Include="..\Src\Core_Engine.cpp">
      <Filter>Core</Filter>
    </ClCompile>
    <ClCompile Include="..\Src\Core_Module.cpp">
      <Filter>Core</Filter>
    </ClCompile>
    <ClCompile Include="..\3rdParty\tinyxml2\tinyxml2.cpp">
      <Filter>3rdParty\TinyXML2</Filter>
    </ClCompile>
    <ClCompile Include="..\Src\RenderingEngine_Config.cpp">
      <Filter>RenderingEngine</Filter>
    </ClCompile>
    <ClCompile Include="..\Src\ResourceManager.cpp">
      <Filter>ResourceManager</Filter>
    </ClCompile>
  </ItemGroup>
</Project>