<?xml version="1.0" encoding="utf-8"?>
<Project ToolsVersion="4.0" xmlns="http://schemas.microsoft.com/developer/msbuild/2003">
  <ItemGroup>
    <Filter Include="Resource Files">
      <UniqueIdentifier>{67DA6AB6-F800-4c08-8B7A-83BB121AAD01}</UniqueIdentifier>
      <Extensions>rc;ico;cur;bmp;dlg;rc2;rct;bin;rgs;gif;jpg;jpeg;jpe;resx;tiff;tif;png;wav;mfcribbon-ms</Extensions>
    </Filter>
    <Filter Include="Src">
      <UniqueIdentifier>{03978ada-aa38-4e1c-b438-00fe69562cd4}</UniqueIdentifier>
    </Filter>
    <Filter Include="SPRIV-Cross">
      <UniqueIdentifier>{f0326af8-761c-4f8f-953c-f14187a72431}</UniqueIdentifier>
    </Filter>
  </ItemGroup>
  <ItemGroup>
    <Text Include="ReadMe.txt" />
  </ItemGroup>
  <ItemGroup>
    <ClInclude Include="iglfw.h">
      <Filter>Src</Filter>
    </ClInclude>
    <ClInclude Include="ire.h">
      <Filter>Src</Filter>
    </ClInclude>
    <ClInclude Include="RenderingEngineVK.h">
      <Filter>Src</Filter>
    </ClInclude>
    <ClInclude Include="stdafx.h">
      <Filter>Src</Filter>
    </ClInclude>
    <ClInclude Include="targetver.h">
      <Filter>Src</Filter>
    </ClInclude>
    <ClInclude Include="ShadersReflections.h">
      <Filter>Src</Filter>
    </ClInclude>
    <ClInclude Include="..\3rdParty\SPRIV-Cross\GLSL.std.450.h">
      <Filter>SPRIV-Cross</Filter>
    </ClInclude>
    <ClInclude Include="..\3rdParty\SPRIV-Cross\spirv.hpp">
      <Filter>SPRIV-Cross</Filter>
    </ClInclude>
    <ClInclude Include="..\3rdParty\SPRIV-Cross\spirv_cfg.hpp">
      <Filter>SPRIV-Cross</Filter>
    </ClInclude>
    <ClInclude Include="..\3rdParty\SPRIV-Cross\spirv_common.hpp">
      <Filter>SPRIV-Cross</Filter>
    </ClInclude>
    <ClInclude Include="..\3rdParty\SPRIV-Cross\spirv_cpp.hpp">
      <Filter>SPRIV-Cross</Filter>
    </ClInclude>
    <ClInclude Include="..\3rdParty\SPRIV-Cross\spirv_cross.hpp">
      <Filter>SPRIV-Cross</Filter>
    </ClInclude>
    <ClInclude Include="..\3rdParty\SPRIV-Cross\spirv_cross_util.hpp">
      <Filter>SPRIV-Cross</Filter>
    </ClInclude>
    <ClInclude Include="..\3rdParty\SPRIV-Cross\spirv_glsl.hpp">
      <Filter>SPRIV-Cross</Filter>
    </ClInclude>
    <ClInclude Include="..\3rdParty\SPRIV-Cross\spirv_hlsl.hpp">
      <Filter>SPRIV-Cross</Filter>
    </ClInclude>
    <ClInclude Include="..\3rdParty\SPRIV-Cross\spirv_msl.hpp">
      <Filter>SPRIV-Cross</Filter>
    </ClInclude>
    <ClInclude Include="..\3rdParty\SPRIV-Cross\spirv_reflect.hpp">
      <Filter>SPRIV-Cross</Filter>
    </ClInclude>
    <ClInclude Include="Utils.h">
      <Filter>Src</Filter>
    </ClInclude>
    <ClInclude Include="ShaderProgram.h">
      <Filter>Src</Filter>
    </ClInclude>
    <ClInclude Include="AttribStreamConverter.h">
      <Filter>Src</Filter>
    </ClInclude>
    <ClInclude Include="OutputWindow.h">
      <Filter>Src</Filter>
    </ClInclude>
  </ItemGroup>
  <ItemGroup>
    <ClCompile Include="dllmain.cpp">
      <Filter>Src</Filter>
    </ClCompile>
    <ClCompile Include="iglfw.cpp">
      <Filter>Src</Filter>
    </ClCompile>
    <ClCompile Include="ire.cpp">
      <Filter>Src</Filter>
    </ClCompile>
    <ClCompile Include="RenderingEngineVK.cpp">
      <Filter>Src</Filter>
    </ClCompile>
    <ClCompile Include="stdafx.cpp">
      <Filter>Src</Filter>
    </ClCompile>
    <ClCompile Include="ShadersReflections.cpp">
      <Filter>Src</Filter>
    </ClCompile>
    <ClCompile Include="..\3rdParty\SPRIV-Cross\spirv_cfg.cpp">
      <Filter>SPRIV-Cross</Filter>
    </ClCompile>
    <ClCompile Include="..\3rdParty\SPRIV-Cross\spirv_cpp.cpp">
      <Filter>SPRIV-Cross</Filter>
    </ClCompile>
    <ClCompile Include="..\3rdParty\SPRIV-Cross\spirv_cross.cpp">
      <Filter>SPRIV-Cross</Filter>
    </ClCompile>
    <ClCompile Include="..\3rdParty\SPRIV-Cross\spirv_cross_util.cpp">
      <Filter>SPRIV-Cross</Filter>
    </ClCompile>
    <ClCompile Include="..\3rdParty\SPRIV-Cross\spirv_glsl.cpp">
      <Filter>SPRIV-Cross</Filter>
    </ClCompile>
    <ClCompile Include="..\3rdParty\SPRIV-Cross\spirv_hlsl.cpp">
      <Filter>SPRIV-Cross</Filter>
    </ClCompile>
    <ClCompile Include="..\3rdParty\SPRIV-Cross\spirv_msl.cpp">
      <Filter>SPRIV-Cross</Filter>
    </ClCompile>
    <ClCompile Include="..\3rdParty\SPRIV-Cross\spirv_reflect.cpp">
      <Filter>SPRIV-Cross</Filter>
    </ClCompile>
    <ClCompile Include="ShaderProgram.cpp">
      <Filter>Src</Filter>
    </ClCompile>
    <ClCompile Include="AttribStreamConverter.cpp">
      <Filter>Src</Filter>
    </ClCompile>
    <ClCompile Include="OutputWindow.cpp">
      <Filter>Src</Filter>
    </ClCompile>
  </ItemGroup>
</Project>